
Microsoft Visual Studio Solution File, Format Version 12.00
# Visual Studio Version 17
VisualStudioVersion = 17.13.35806.99
MinimumVisualStudioVersion = 10.0.40219.1
Project("{FAE04EC0-301F-11D3-BF4B-00C04F79EFBC}") = "Chorn.Aspire.ExternalProject", "Chorn.Aspire.ExternalProject\Chorn.Aspire.ExternalProject.csproj", "{949AED39-6827-DB08-3F9B-9B6CCB0FE337}"
EndProject
Project("{2150E333-8FDC-42A3-9474-1A3956D46DE8}") = "SolutionItems", "SolutionItems", "{02EA681E-C7D8-13C7-8484-4AC65E1B71E8}"
	ProjectSection(SolutionItems) = preProject
		.editorconfig = .editorconfig
		.gitignore = .gitignore
		Chorn.Aspire.ExternalProject.sln.DotSettings = Chorn.Aspire.ExternalProject.sln.DotSettings
		.github\workflows\deploy.yml = .github\workflows\deploy.yml
		Directory.Build.props = Directory.Build.props
		.github\workflows\dotnet.yml = .github\workflows\dotnet.yml
		LICENSE = LICENSE
	EndProjectSection
EndProject
Global
	GlobalSection(SolutionConfigurationPlatforms) = preSolution
		Debug|Any CPU = Debug|Any CPU
		Release|Any CPU = Release|Any CPU
	EndGlobalSection
	GlobalSection(ProjectConfigurationPlatforms) = postSolution
		{949AED39-6827-DB08-3F9B-9B6CCB0FE337}.Debug|Any CPU.ActiveCfg = Debug|Any CPU
		{949AED39-6827-DB08-3F9B-9B6CCB0FE337}.Debug|Any CPU.Build.0 = Debug|Any CPU
		{949AED39-6827-DB08-3F9B-9B6CCB0FE337}.Release|Any CPU.ActiveCfg = Release|Any CPU
		{949AED39-6827-DB08-3F9B-9B6CCB0FE337}.Release|Any CPU.Build.0 = Release|Any CPU
	EndGlobalSection
	GlobalSection(SolutionProperties) = preSolution
		HideSolutionNode = FALSE
	EndGlobalSection
	GlobalSection(ExtensibilityGlobals) = postSolution
		SolutionGuid = {56557AA9-C209-4B59-B5B5-827101F605BD}
	EndGlobalSection
EndGlobal
